{
  "name": "checklist-generator",
  "version": "1.0.0",
  "lockfileVersion": 3,
  "requires": true,
  "packages": {
    "": {
      "name": "checklist-generator",
      "version": "1.0.0",
      "license": "ISC",
      "dependencies": {
        "csv-stringify": "^6.4.4",
        "fs": "^0.0.1-security"
      }
    },
    "node_modules/csv-stringify": {
      "version": "6.4.4",
      "resolved": "https://registry.npmjs.org/csv-stringify/-/csv-stringify-6.4.4.tgz",
      "integrity": "sha512-NDshLupGa7gp4UG4sSNIqwYJqgSwvds0SvENntxoVoVvTzXcrHvd5gG2MWpbRpSNvk59dlmIe1IwNvSxN4IVmg=="
    },
    "node_modules/fs": {
      "version": "0.0.1-security",
      "resolved": "https://registry.npmjs.org/fs/-/fs-0.0.1-security.tgz",
      "integrity": "sha512-3XY9e1pP0CVEUCdj5BmfIZxRBTSDycnbqhIOGec9QYtmVH2fbLpj86CFWkrNOkt/Fvty4KZG5lTglL9j/gJ87w=="
    }
  }
}
